{
  "name": "fecha-npm",
  "version": "1.0.0",
  "lockfileVersion": 3,
  "requires": true,
  "packages": {
    "": {
      "name": "fecha-npm",
      "version": "1.0.0",
      "license": "ISC",
      "dependencies": {
        "date-time-formatter-dayjs": "^1.0.1",
        "dayjs": "^1.11.11"
      }
    },
    "node_modules/date-time-formatter-dayjs": {
      "version": "1.0.1",
      "resolved": "https://registry.npmjs.org/date-time-formatter-dayjs/-/date-time-formatter-dayjs-1.0.1.tgz",
      "integrity": "sha512-k/c0HYNoBKKmeCzFIilx0cPd5pzM/zTS04yISuFDHE5VvAxE3Vx3rgnBfVnUt1m4gNq9NNZU2rLZX8LA99uOZQ==",
      "dependencies": {
        "dayjs": "^1.11.6",
        "lodash": "^4.17.21"
      }
    },
    "node_modules/dayjs": {
      "version": "1.11.11",
      "resolved": "https://registry.npmjs.org/dayjs/-/dayjs-1.11.11.tgz",
      "integrity": "sha512-okzr3f11N6WuqYtZSvm+F776mB41wRZMhKP+hc34YdW+KmtYYK9iqvHSwo2k9FEH3fhGXvOPV6yz2IcSrfRUDg=="
    },
    "node_modules/lodash": {
      "version": "4.17.21",
      "resolved": "https://registry.npmjs.org/lodash/-/lodash-4.17.21.tgz",
      "integrity": "sha512-v2kDEe57lecTulaDIuNTPy3Ry4gLGJ6Z1O3vE1krgXZNrsQ+LFTGHVxVjcXPs17LhbZVGedAJv8XZ1tvj5FvSg=="
    }
  }
}
